{
  "configuration": {
    "provider_config": {
      "alicloud": {
        "name": "alicloud"
      }
    },
    "root_module": {
      "resources": [
        {
          "address": "alicloud_instance.instance",
          "count_expression": {
            "constant_value": 0
          },
          "expressions": {
            "availability_zone": {
              "constant_value": "cn-beijing-b"
            },
            "data_disks": [
              {
                "category": {
                  "constant_value": "cloud_efficiency"
                },
                "description": {
                  "constant_value": "disk2"
                },
                "name": {
                  "constant_value": "disk2"
                },
                "size": {
                  "constant_value": 20
                }
              }
            ],
            "image_id": {
              "constant_value": "centos_8_4_x64_20G_alibase_20210824.vhd"
            },
            "instance_name": {
              "references": [
                "var.instance_name"
              ]
            },
            "instance_type": {
              "references": [
                "var.instance_type"
              ]
            },
            "internet_max_bandwidth_out": {
              "constant_value": 10
            },
            "password": {
              "constant_value": "User@123"
            },
            "security_groups": {
              "references": [
                "alicloud_security_group.default"
              ]
            },
            "system_disk_category": {
              "constant_value": "cloud_efficiency"
            },
            "vswitch_id": {
              "references": [
                "alicloud_vswitch.vsw"
              ]
            }
          },
          "mode": "managed",
          "name": "instance",
          "provider_config_key": "alicloud",
          "schema_version": 0,
          "type": "alicloud_instance"
        },
        {
          "address": "alicloud_instance.instance1",
          "expressions": {
            "availability_zone": {
              "constant_value": "cn-beijing-b"
            },
            "data_disks": [
              {
                "category": {
                  "constant_value": "cloud_efficiency"
                },
                "description": {
                  "constant_value": "disk2"
                },
                "name": {
                  "constant_value": "disk2"
                },
                "size": {
                  "constant_value": 20
                }
              }
            ],
            "image_id": {
              "constant_value": "centos_8_4_x64_20G_alibase_20210824.vhd"
            },
            "instance_name": {
              "references": [
                "var.instance_name"
              ]
            },
            "instance_type": {
              "references": [
                "var.instance_type"
              ]
            },
            "internet_max_bandwidth_out": {
              "constant_value": 10
            },
            "password": {
              "constant_value": "User@123"
            },
            "security_groups": {
              "references": [
                "alicloud_security_group.default"
              ]
            },
            "system_disk_category": {
              "constant_value": "cloud_efficiency"
            },
            "vswitch_id": {
              "references": [
                "alicloud_vswitch.vsw"
              ]
            }
          },
          "mode": "managed",
          "name": "instance1",
          "provider_config_key": "alicloud",
          "schema_version": 0,
          "type": "alicloud_instance"
        },
        {
          "address": "alicloud_security_group.default",
          "expressions": {
            "name": {
              "constant_value": "default"
            },
            "vpc_id": {
              "references": [
                "alicloud_vpc.vpc"
              ]
            }
          },
          "mode": "managed",
          "name": "default",
          "provider_config_key": "alicloud",
          "schema_version": 0,
          "type": "alicloud_security_group"
        },
        {
          "address": "alicloud_vpc.vpc",
          "expressions": {
            "cidr_block": {
              "constant_value": "172.16.0.0/12"
            },
            "vpc_name": {
              "constant_value": "tf_test_foo"
            }
          },
          "mode": "managed",
          "name": "vpc",
          "provider_config_key": "alicloud",
          "schema_version": 0,
          "type": "alicloud_vpc"
        },
        {
          "address": "alicloud_vswitch.vsw",
          "expressions": {
            "cidr_block": {
              "constant_value": "172.16.0.0/21"
            },
            "vpc_id": {
              "references": [
                "alicloud_vpc.vpc"
              ]
            },
            "zone_id": {
              "constant_value": "cn-beijing-b"
            }
          },
          "mode": "managed",
          "name": "vsw",
          "provider_config_key": "alicloud",
          "schema_version": 0,
          "type": "alicloud_vswitch"
        }
      ],
      "variables": {
        "instance_name": {
          "default": "tf_ecs_test",
          "description": "\u521b\u5efa\u7684ecs\u670d\u52a1\u5668\u540d\u79f0"
        },
        "instance_number": {
          "default": 1,
          "description": "\u521b\u5efaecs\u670d\u52a1\u5668\u6570\u636e\u91cf\uff0c\u9ed8\u8ba4\u503c\u4e3a\u4e00\u53f0"
        },
        "instance_type": {
          "default": "ecs.sn1.medium",
          "description": "\u521b\u5efaecs\u670d\u52a1\u5668\u5b9e\u4f8b\u89c4\u683c"
        }
      }
    }
  },
  "format_version": "0.1",
  "output_changes": {
    "public_ip": {
      "actions": [
        "delete"
      ],
      "after": null,
      "after_unknown": false,
      "before": "39.105.21.34"
    }
  },
  "planned_values": {
    "root_module": {
      "resources": [
        {
          "address": "alicloud_instance.instance1",
          "mode": "managed",
          "name": "instance1",
          "provider_name": "registry.terraform.io/aliyun/alicloud",
          "schema_version": 0,
          "type": "alicloud_instance",
          "values": {
            "allocate_public_ip": null,
            "auto_release_time": null,
            "auto_renew_period": null,
            "availability_zone": "cn-beijing-b",
            "data_disks": [
              {
                "auto_snapshot_policy_id": null,
                "category": "cloud_efficiency",
                "delete_with_instance": true,
                "description": "disk2",
                "encrypted": false,
                "kms_key_id": null,
                "name": "disk2",
                "size": 20,
                "snapshot_id": null
              }
            ],
            "deletion_protection": false,
            "deployment_set_id": null,
            "description": null,
            "dry_run": false,
            "force_delete": null,
            "hpc_cluster_id": null,
            "image_id": "centos_8_4_x64_20G_alibase_20210824.vhd",
            "include_data_disks": null,
            "instance_charge_type": "PostPaid",
            "instance_name": "tf_ecs_test",
            "instance_type": "ecs.sn1.medium",
            "internet_charge_type": "PayByTraffic",
            "internet_max_bandwidth_out": 10,
            "io_optimized": null,
            "is_outdated": null,
            "kms_encrypted_password": null,
            "kms_encryption_context": null,
            "password": "User@123",
            "period": null,
            "period_unit": null,
            "renewal_status": null,
            "resource_group_id": null,
            "security_enhancement_strategy": null,
            "security_groups": [
              "sg-2zebp64tbvzy3pe2llfy"
            ],
            "spot_price_limit": null,
            "spot_strategy": "NoSpot",
            "status": "Running",
            "system_disk_auto_snapshot_policy_id": null,
            "system_disk_category": "cloud_efficiency",
            "system_disk_description": null,
            "system_disk_name": null,
            "system_disk_size": 40,
            "tags": null,
            "timeouts": null,
            "user_data": null,
            "vswitch_id": "vsw-2zecb3v6g5x02fzvumxtt"
          }
        },
        {
          "address": "alicloud_security_group.default",
          "mode": "managed",
          "name": "default",
          "provider_name": "registry.terraform.io/aliyun/alicloud",
          "schema_version": 0,
          "type": "alicloud_security_group",
          "values": {
            "description": "",
            "id": "sg-2zebp64tbvzy3pe2llfy",
            "inner_access": true,
            "inner_access_policy": "Accept",
            "name": "default",
            "resource_group_id": "",
            "security_group_type": "normal",
            "tags": {},
            "vpc_id": "vpc-2zek8nwqtgsw80m3zxgam"
          }
        },
        {
          "address": "alicloud_vpc.vpc",
          "mode": "managed",
          "name": "vpc",
          "provider_name": "registry.terraform.io/aliyun/alicloud",
          "schema_version": 0,
          "type": "alicloud_vpc",
          "values": {
            "cidr_block": "172.16.0.0/12",
            "description": "",
            "dry_run": null,
            "enable_ipv6": null,
            "id": "vpc-2zek8nwqtgsw80m3zxgam",
            "ipv6_cidr_block": "",
            "name": "tf_test_foo",
            "resource_group_id": "rg-acfm4o5k7u7gcca",
            "route_table_id": "vtb-2zeqh0rrclvoa9iu6dpds",
            "router_id": "vrt-2zegjamtbvfioo2unfw73",
            "router_table_id": "vtb-2zeqh0rrclvoa9iu6dpds",
            "secondary_cidr_blocks": [],
            "status": "Available",
            "tags": null,
            "timeouts": null,
            "user_cidrs": [],
            "vpc_name": "tf_test_foo"
          }
        },
        {
          "address": "alicloud_vswitch.vsw",
          "mode": "managed",
          "name": "vsw",
          "provider_name": "registry.terraform.io/aliyun/alicloud",
          "schema_version": 0,
          "type": "alicloud_vswitch",
          "values": {
            "availability_zone": "cn-beijing-b",
            "cidr_block": "172.16.0.0/21",
            "description": "",
            "id": "vsw-2zecb3v6g5x02fzvumxtt",
            "name": "",
            "status": "Available",
            "tags": {},
            "timeouts": null,
            "vpc_id": "vpc-2zek8nwqtgsw80m3zxgam",
            "vswitch_name": "",
            "zone_id": "cn-beijing-b"
          }
        }
      ]
    }
  },
  "prior_state": {
    "format_version": "0.1",
    "terraform_version": "0.14.7",
    "values": {
      "outputs": {
        "public_ip": {
          "sensitive": false,
          "value": "39.105.21.34"
        }
      },
      "root_module": {
        "resources": [
          {
            "address": "alicloud_instance.instance[0]",
            "depends_on": [
              "alicloud_security_group.default",
              "alicloud_vpc.vpc",
              "alicloud_vswitch.vsw"
            ],
            "index": 0,
            "mode": "managed",
            "name": "instance",
            "provider_name": "registry.terraform.io/aliyun/alicloud",
            "schema_version": 0,
            "type": "alicloud_instance",
            "values": {
              "allocate_public_ip": null,
              "auto_release_time": "",
              "auto_renew_period": null,
              "availability_zone": "cn-beijing-b",
              "credit_specification": "",
              "data_disks": [
                {
                  "auto_snapshot_policy_id": "",
                  "category": "cloud_efficiency",
                  "delete_with_instance": true,
                  "description": "disk2",
                  "encrypted": false,
                  "kms_key_id": "",
                  "name": "disk2",
                  "performance_level": "",
                  "size": 20,
                  "snapshot_id": ""
                }
              ],
              "deletion_protection": false,
              "deployment_set_group_no": null,
              "deployment_set_id": "",
              "description": "",
              "dry_run": false,
              "force_delete": null,
              "host_name": "iZ2zef2d6k0v2wuzlpz9aeZ",
              "hpc_cluster_id": "",
              "id": "i-2zef2d6k0v2wuzlpz9ae",
              "image_id": "centos_8_4_x64_20G_alibase_20210824.vhd",
              "include_data_disks": null,
              "instance_charge_type": "PostPaid",
              "instance_name": "tf_ecs_test",
              "instance_type": "ecs.sn1.medium",
              "internet_charge_type": "PayByTraffic",
              "internet_max_bandwidth_in": 500,
              "internet_max_bandwidth_out": 1,
              "io_optimized": null,
              "is_outdated": null,
              "key_name": "",
              "kms_encrypted_password": null,
              "kms_encryption_context": null,
              "password": "User@123",
              "period": null,
              "period_unit": null,
              "private_ip": "172.16.6.97",
              "public_ip": "39.105.21.34",
              "renewal_status": null,
              "resource_group_id": "",
              "role_name": "",
              "secondary_private_ip_address_count": 0,
              "secondary_private_ips": [],
              "security_enhancement_strategy": null,
              "security_groups": [
                "sg-2zebp64tbvzy3pe2llfy"
              ],
              "spot_price_limit": 0,
              "spot_strategy": "NoSpot",
              "status": "Running",
              "subnet_id": "vsw-2zecb3v6g5x02fzvumxtt",
              "system_disk_auto_snapshot_policy_id": "",
              "system_disk_category": "cloud_efficiency",
              "system_disk_description": null,
              "system_disk_name": null,
              "system_disk_performance_level": "",
              "system_disk_size": 40,
              "tags": {},
              "timeouts": null,
              "user_data": "",
              "volume_tags": {},
              "vswitch_id": "vsw-2zecb3v6g5x02fzvumxtt"
            }
          },
          {
            "address": "alicloud_security_group.default",
            "depends_on": [
              "alicloud_vpc.vpc"
            ],
            "mode": "managed",
            "name": "default",
            "provider_name": "registry.terraform.io/aliyun/alicloud",
            "schema_version": 0,
            "type": "alicloud_security_group",
            "values": {
              "description": "",
              "id": "sg-2zebp64tbvzy3pe2llfy",
              "inner_access": true,
              "inner_access_policy": "Accept",
              "name": "default",
              "resource_group_id": "",
              "security_group_type": "normal",
              "tags": {},
              "vpc_id": "vpc-2zek8nwqtgsw80m3zxgam"
            }
          },
          {
            "address": "alicloud_vpc.vpc",
            "mode": "managed",
            "name": "vpc",
            "provider_name": "registry.terraform.io/aliyun/alicloud",
            "schema_version": 0,
            "type": "alicloud_vpc",
            "values": {
              "cidr_block": "172.16.0.0/12",
              "description": "",
              "dry_run": null,
              "enable_ipv6": null,
              "id": "vpc-2zek8nwqtgsw80m3zxgam",
              "ipv6_cidr_block": "",
              "name": "tf_test_foo",
              "resource_group_id": "rg-acfm4o5k7u7gcca",
              "route_table_id": "vtb-2zeqh0rrclvoa9iu6dpds",
              "router_id": "vrt-2zegjamtbvfioo2unfw73",
              "router_table_id": "vtb-2zeqh0rrclvoa9iu6dpds",
              "secondary_cidr_blocks": [],
              "status": "Available",
              "tags": null,
              "timeouts": null,
              "user_cidrs": [],
              "vpc_name": "tf_test_foo"
            }
          },
          {
            "address": "alicloud_vswitch.vsw",
            "depends_on": [
              "alicloud_vpc.vpc"
            ],
            "mode": "managed",
            "name": "vsw",
            "provider_name": "registry.terraform.io/aliyun/alicloud",
            "schema_version": 0,
            "type": "alicloud_vswitch",
            "values": {
              "availability_zone": "cn-beijing-b",
              "cidr_block": "172.16.0.0/21",
              "description": "",
              "id": "vsw-2zecb3v6g5x02fzvumxtt",
              "name": "",
              "status": "Available",
              "tags": {},
              "timeouts": null,
              "vpc_id": "vpc-2zek8nwqtgsw80m3zxgam",
              "vswitch_name": "",
              "zone_id": "cn-beijing-b"
            }
          }
        ]
      }
    }
  },
  "resource_changes": [
    {
      "address": "alicloud_instance.instance1",
      "change": {
        "actions": [
          "create"
        ],
        "after": {
          "allocate_public_ip": null,
          "auto_release_time": null,
          "auto_renew_period": null,
          "availability_zone": "cn-beijing-b",
          "data_disks": [
            {
              "auto_snapshot_policy_id": null,
              "category": "cloud_efficiency",
              "delete_with_instance": true,
              "description": "disk2",
              "encrypted": false,
              "kms_key_id": null,
              "name": "disk2",
              "size": 20,
              "snapshot_id": null
            }
          ],
          "deletion_protection": false,
          "deployment_set_id": null,
          "description": null,
          "dry_run": false,
          "force_delete": null,
          "hpc_cluster_id": null,
          "image_id": "centos_8_4_x64_20G_alibase_20210824.vhd",
          "include_data_disks": null,
          "instance_charge_type": "PostPaid",
          "instance_name": "tf_ecs_test",
          "instance_type": "ecs.sn1.medium",
          "internet_charge_type": "PayByTraffic",
          "internet_max_bandwidth_out": 10,
          "io_optimized": null,
          "is_outdated": null,
          "kms_encrypted_password": null,
          "kms_encryption_context": null,
          "password": "User@123",
          "period": null,
          "period_unit": null,
          "renewal_status": null,
          "resource_group_id": null,
          "security_enhancement_strategy": null,
          "security_groups": [
            "sg-2zebp64tbvzy3pe2llfy"
          ],
          "spot_price_limit": null,
          "spot_strategy": "NoSpot",
          "status": "Running",
          "system_disk_auto_snapshot_policy_id": null,
          "system_disk_category": "cloud_efficiency",
          "system_disk_description": null,
          "system_disk_name": null,
          "system_disk_size": 40,
          "tags": null,
          "timeouts": null,
          "user_data": null,
          "vswitch_id": "vsw-2zecb3v6g5x02fzvumxtt"
        },
        "after_unknown": {
          "credit_specification": true,
          "data_disks": [
            {
              "performance_level": true
            }
          ],
          "deployment_set_group_no": true,
          "host_name": true,
          "id": true,
          "internet_max_bandwidth_in": true,
          "key_name": true,
          "private_ip": true,
          "public_ip": true,
          "role_name": true,
          "secondary_private_ip_address_count": true,
          "secondary_private_ips": true,
          "security_groups": [
            false
          ],
          "subnet_id": true,
          "system_disk_performance_level": true,
          "volume_tags": true
        },
        "before": null
      },
      "mode": "managed",
      "name": "instance1",
      "provider_name": "registry.terraform.io/aliyun/alicloud",
      "type": "alicloud_instance"
    },
    {
      "address": "alicloud_instance.instance1",
      "change": {
        "actions": [
          "create"
        ],
        "after": {
          "allocate_public_ip": null,
          "auto_release_time": null,
          "auto_renew_period": null,
          "availability_zone": "cn-beijing-b",
          "data_disks": [
            {
              "auto_snapshot_policy_id": null,
              "category": "cloud_efficiency",
              "delete_with_instance": true,
              "description": "disk2",
              "encrypted": false,
              "kms_key_id": null,
              "name": "disk2",
              "size": 20,
              "snapshot_id": null
            }
          ],
          "deletion_protection": false,
          "deployment_set_id": null,
          "description": null,
          "dry_run": false,
          "force_delete": null,
          "hpc_cluster_id": null,
          "image_id": "centos_8_4_x64_20G_alibase_20210824.vhd",
          "include_data_disks": null,
          "instance_charge_type": "PostPaid",
          "instance_name": "tf_ecs_test",
          "instance_type": "ecs.sn1.medium",
          "internet_charge_type": "PayByTraffic",
          "internet_max_bandwidth_out": 10,
          "io_optimized": null,
          "is_outdated": null,
          "kms_encrypted_password": null,
          "kms_encryption_context": null,
          "password": "User@123",
          "period": null,
          "period_unit": null,
          "renewal_status": null,
          "resource_group_id": null,
          "security_enhancement_strategy": null,
          "security_groups": [
            "sg-2zebp64tbvzy3pe2llfy"
          ],
          "spot_price_limit": null,
          "spot_strategy": "NoSpot",
          "status": "Running",
          "system_disk_auto_snapshot_policy_id": null,
          "system_disk_category": "cloud_efficiency",
          "system_disk_description": null,
          "system_disk_name": null,
          "system_disk_size": 40,
          "tags": null,
          "timeouts": null,
          "user_data": null,
          "vswitch_id": "vsw-2zecb3v6g5x02fzvumxtt"
        },
        "after_unknown": {
          "credit_specification": true,
          "data_disks": [
            {
              "performance_level": true
            }
          ],
          "deployment_set_group_no": true,
          "host_name": true,
          "id": true,
          "internet_max_bandwidth_in": true,
          "key_name": true,
          "private_ip": true,
          "public_ip": true,
          "role_name": true,
          "secondary_private_ip_address_count": true,
          "secondary_private_ips": true,
          "security_groups": [
            false
          ],
          "subnet_id": true,
          "system_disk_performance_level": true,
          "volume_tags": true
        },
        "before": null
      },
      "mode": "managed",
      "name": "instance1",
      "provider_name": "registry.terraform.io/aliyun/alicloud",
      "type": "alicloud_instance"
    },
    {
      "address": "alicloud_nat_gateway.gateway1",
      "change": {
        "actions": [
          "create"
        ],
        "after": {
          "availability_zone": "cn-beijing-b",
          "nat_type": "Enhanced"
        }
      },
      "mode": "managed",
      "name": "gateway1",
      "provider_name": "registry.terraform.io/aliyun/alicloud",
      "type": "alicloud_nat_gateway"
    },
    {
      "address": "alicloud_nat_gateway.gateway2",
      "change": {
        "actions": [
          "create"
        ],
        "after": {
          "availability_zone": "cn-beijing-b",
          "nat_type": "Enhanced",
          "specification": "Small",
          "internet_charge_type": "PayBySpec",
          "network_type": "internet"
        }
      },
      "mode": "managed",
      "name": "gateway2",
      "provider_name": "registry.terraform.io/aliyun/alicloud",
      "type": "alicloud_nat_gateway"
    },
    {
      "address": "alicloud_instance.instance1",
      "change": {
        "actions": [
          "create"
        ],
        "after": {
          "allocate_public_ip": null,
          "auto_release_time": null,
          "auto_renew_period": null,
          "availability_zone": "cn-beijing-b",
          "data_disks": [
            {
              "auto_snapshot_policy_id": null,
              "category": "cloud_efficiency",
              "delete_with_instance": true,
              "description": "disk2",
              "encrypted": false,
              "kms_key_id": null,
              "name": "disk2",
              "size": 20,
              "snapshot_id": null
            }
          ],
          "deletion_protection": false,
          "deployment_set_id": null,
          "description": null,
          "dry_run": false,
          "force_delete": null,
          "hpc_cluster_id": null,
          "image_id": "centos_8_4_x64_20G_alibase_20210824.vhd",
          "include_data_disks": null,
          "instance_charge_type": "PostPaid",
          "instance_name": "tf_ecs_test",
          "instance_type": "ecs.sn1.medium",
          "internet_charge_type": "PayByTraffic",
          "internet_max_bandwidth_out": 10,
          "io_optimized": null,
          "is_outdated": null,
          "kms_encrypted_password": null,
          "kms_encryption_context": null,
          "password": "User@123",
          "period": null,
          "period_unit": null,
          "renewal_status": null,
          "resource_group_id": null,
          "security_enhancement_strategy": null,
          "security_groups": [
            "sg-2zebp64tbvzy3pe2llfy"
          ],
          "spot_price_limit": null,
          "spot_strategy": "NoSpot",
          "status": "Running",
          "system_disk_auto_snapshot_policy_id": null,
          "system_disk_category": "cloud_efficiency",
          "system_disk_description": null,
          "system_disk_name": null,
          "system_disk_size": 40,
          "tags": null,
          "timeouts": null,
          "user_data": null,
          "vswitch_id": "vsw-2zecb3v6g5x02fzvumxtt"
        },
        "after_unknown": {
          "credit_specification": true,
          "data_disks": [
            {
              "performance_level": true
            }
          ],
          "deployment_set_group_no": true,
          "host_name": true,
          "id": true,
          "internet_max_bandwidth_in": true,
          "key_name": true,
          "private_ip": true,
          "public_ip": true,
          "role_name": true,
          "secondary_private_ip_address_count": true,
          "secondary_private_ips": true,
          "security_groups": [
            false
          ],
          "subnet_id": true,
          "system_disk_performance_level": true,
          "volume_tags": true
        },
        "before": null
      },
      "mode": "managed",
      "name": "instance1",
      "provider_name": "registry.terraform.io/aliyun/alicloud",
      "type": "alicloud_instance"
    },
    {
      "address": "alicloud_instance.instance[0]",
      "change": {
        "actions": [
          "delete"
        ],
        "after": null,
        "after_unknown": {},
        "before": {
          "allocate_public_ip": null,
          "auto_release_time": "",
          "auto_renew_period": null,
          "availability_zone": "cn-beijing-b",
          "credit_specification": "",
          "data_disks": [
            {
              "auto_snapshot_policy_id": "",
              "category": "cloud_efficiency",
              "delete_with_instance": true,
              "description": "disk2",
              "encrypted": false,
              "kms_key_id": "",
              "name": "disk2",
              "performance_level": "",
              "size": 20,
              "snapshot_id": ""
            }
          ],
          "deletion_protection": false,
          "deployment_set_group_no": null,
          "deployment_set_id": "",
          "description": "",
          "dry_run": false,
          "force_delete": null,
          "host_name": "iZ2zef2d6k0v2wuzlpz9aeZ",
          "hpc_cluster_id": "",
          "id": "i-2zef2d6k0v2wuzlpz9ae",
          "image_id": "centos_8_4_x64_20G_alibase_20210824.vhd",
          "include_data_disks": null,
          "instance_charge_type": "PostPaid",
          "instance_name": "tf_ecs_test",
          "instance_type": "ecs.sn1.medium",
          "internet_charge_type": "PayByTraffic",
          "internet_max_bandwidth_in": 500,
          "internet_max_bandwidth_out": 1,
          "io_optimized": null,
          "is_outdated": null,
          "key_name": "",
          "kms_encrypted_password": null,
          "kms_encryption_context": null,
          "password": "User@123",
          "period": null,
          "period_unit": null,
          "private_ip": "172.16.6.97",
          "public_ip": "39.105.21.34",
          "renewal_status": null,
          "resource_group_id": "",
          "role_name": "",
          "secondary_private_ip_address_count": 0,
          "secondary_private_ips": [],
          "security_enhancement_strategy": null,
          "security_groups": [
            "sg-2zebp64tbvzy3pe2llfy"
          ],
          "spot_price_limit": 0,
          "spot_strategy": "NoSpot",
          "status": "Running",
          "subnet_id": "vsw-2zecb3v6g5x02fzvumxtt",
          "system_disk_auto_snapshot_policy_id": "",
          "system_disk_category": "cloud_efficiency",
          "system_disk_description": null,
          "system_disk_name": null,
          "system_disk_performance_level": "",
          "system_disk_size": 40,
          "tags": {},
          "timeouts": null,
          "user_data": "",
          "volume_tags": {},
          "vswitch_id": "vsw-2zecb3v6g5x02fzvumxtt"
        }
      },
      "index": 0,
      "mode": "managed",
      "name": "instance",
      "provider_name": "registry.terraform.io/aliyun/alicloud",
      "type": "alicloud_instance"
    },
    {
      "address": "alicloud_security_group.default",
      "change": {
        "actions": [
          "no-op"
        ],
        "after": {
          "description": "",
          "id": "sg-2zebp64tbvzy3pe2llfy",
          "inner_access": true,
          "inner_access_policy": "Accept",
          "name": "default",
          "resource_group_id": "",
          "security_group_type": "normal",
          "tags": {},
          "vpc_id": "vpc-2zek8nwqtgsw80m3zxgam"
        },
        "after_unknown": {},
        "before": {
          "description": "",
          "id": "sg-2zebp64tbvzy3pe2llfy",
          "inner_access": true,
          "inner_access_policy": "Accept",
          "name": "default",
          "resource_group_id": "",
          "security_group_type": "normal",
          "tags": {},
          "vpc_id": "vpc-2zek8nwqtgsw80m3zxgam"
        }
      },
      "mode": "managed",
      "name": "default",
      "provider_name": "registry.terraform.io/aliyun/alicloud",
      "type": "alicloud_security_group"
    },
    {
      "address": "alicloud_vpc.vpc",
      "change": {
        "actions": [
          "no-op"
        ],
        "after": {
          "cidr_block": "172.16.0.0/12",
          "description": "",
          "dry_run": null,
          "enable_ipv6": null,
          "id": "vpc-2zek8nwqtgsw80m3zxgam",
          "ipv6_cidr_block": "",
          "name": "tf_test_foo",
          "resource_group_id": "rg-acfm4o5k7u7gcca",
          "route_table_id": "vtb-2zeqh0rrclvoa9iu6dpds",
          "router_id": "vrt-2zegjamtbvfioo2unfw73",
          "router_table_id": "vtb-2zeqh0rrclvoa9iu6dpds",
          "secondary_cidr_blocks": [],
          "status": "Available",
          "tags": null,
          "timeouts": null,
          "user_cidrs": [],
          "vpc_name": "tf_test_foo"
        },
        "after_unknown": {},
        "before": {
          "cidr_block": "172.16.0.0/12",
          "description": "",
          "dry_run": null,
          "enable_ipv6": null,
          "id": "vpc-2zek8nwqtgsw80m3zxgam",
          "ipv6_cidr_block": "",
          "name": "tf_test_foo",
          "resource_group_id": "rg-acfm4o5k7u7gcca",
          "route_table_id": "vtb-2zeqh0rrclvoa9iu6dpds",
          "router_id": "vrt-2zegjamtbvfioo2unfw73",
          "router_table_id": "vtb-2zeqh0rrclvoa9iu6dpds",
          "secondary_cidr_blocks": [],
          "status": "Available",
          "tags": null,
          "timeouts": null,
          "user_cidrs": [],
          "vpc_name": "tf_test_foo"
        }
      },
      "mode": "managed",
      "name": "vpc",
      "provider_name": "registry.terraform.io/aliyun/alicloud",
      "type": "alicloud_vpc"
    },
    {
      "address": "alicloud_vswitch.vsw",
      "change": {
        "actions": [
          "no-op"
        ],
        "after": {
          "availability_zone": "cn-beijing-b",
          "cidr_block": "172.16.0.0/21",
          "description": "",
          "id": "vsw-2zecb3v6g5x02fzvumxtt",
          "name": "",
          "status": "Available",
          "tags": {},
          "timeouts": null,
          "vpc_id": "vpc-2zek8nwqtgsw80m3zxgam",
          "vswitch_name": "",
          "zone_id": "cn-beijing-b"
        },
        "after_unknown": {},
        "before": {
          "availability_zone": "cn-beijing-b",
          "cidr_block": "172.16.0.0/21",
          "description": "",
          "id": "vsw-2zecb3v6g5x02fzvumxtt",
          "name": "",
          "status": "Available",
          "tags": {},
          "timeouts": null,
          "vpc_id": "vpc-2zek8nwqtgsw80m3zxgam",
          "vswitch_name": "",
          "zone_id": "cn-beijing-b"
        }
      },
      "mode": "managed",
      "name": "vsw",
      "provider_name": "registry.terraform.io/aliyun/alicloud",
      "type": "alicloud_vswitch"
    }
  ],
  "terraform_version": "0.14.7",
  "variables": {
    "instance_name": {
      "value": "tf_ecs_test"
    },
    "instance_number": {
      "value": 1
    },
    "instance_type": {
      "value": "ecs.sn1.medium"
    }
  }
}
